// !$*UTF8*$!
{
	archiveVersion = 1;
	classes = {
	};
	objectVersion = 56;
	objects = {

/* Begin PBXBuildFile section */
		D30C0AF52978E157008E0D0A /* AppDelegate.swift in Sources */ = {isa = PBXBuildFile; fileRef = D30C0AF42978E157008E0D0A /* AppDelegate.swift */; };
		D30C0AF72978E157008E0D0A /* SceneDelegate.swift in Sources */ = {isa = PBXBuildFile; fileRef = D30C0AF62978E157008E0D0A /* SceneDelegate.swift */; };
		D30C0AF92978E157008E0D0A /* ViewController.swift in Sources */ = {isa = PBXBuildFile; fileRef = D30C0AF82978E157008E0D0A /* ViewController.swift */; };
		D30C0AFC2978E157008E0D0A /* Main.storyboard in Resources */ = {isa = PBXBuildFile; fileRef = D30C0AFA2978E157008E0D0A /* Main.storyboard */; };
		D30C0AFF2978E157008E0D0A /* CollectionView_2.xcdatamodeld in Sources */ = {isa = PBXBuildFile; fileRef = D30C0AFD2978E157008E0D0A /* CollectionView_2.xcdatamodeld */; };
		D30C0B012978E158008E0D0A /* Assets.xcassets in Resources */ = {isa = PBXBuildFile; fileRef = D30C0B002978E158008E0D0A /* Assets.xcassets */; };
		D30C0B042978E158008E0D0A /* LaunchScreen.storyboard in Resources */ = {isa = PBXBuildFile; fileRef = D30C0B022978E158008E0D0A /* LaunchScreen.storyboard */; };
		D30C0B0D2978E229008E0D0A /* ItemCollectionViewCell.swift in Sources */ = {isa = PBXBuildFile; fileRef = D30C0B0B2978E229008E0D0A /* ItemCollectionViewCell.swift */; };
		D30C0B0E2978E229008E0D0A /* ItemCollectionViewCell.xib in Resources */ = {isa = PBXBuildFile; fileRef = D30C0B0C2978E229008E0D0A /* ItemCollectionViewCell.xib */; };
/* End PBXBuildFile section */

/* Begin PBXFileReference section */
		D30C0AF12978E157008E0D0A /* CollectionView 2.app */ = {isa = PBXFileReference; explicitFileType = wrapper.application; includeInIndex = 0; path = "CollectionView 2.app"; sourceTree = BUILT_PRODUCTS_DIR; };
		D30C0AF42978E157008E0D0A /* AppDelegate.swift */ = {isa = PBXFileReference; lastKnownFileType = sourcecode.swift; path = AppDelegate.swift; sourceTree = "<group>"; };
		D30C0AF62978E157008E0D0A /* SceneDelegate.swift */ = {isa = PBXFileReference; lastKnownFileType = sourcecode.swift; path = SceneDelegate.swift; sourceTree = "<group>"; };
		D30C0AF82978E157008E0D0A /* ViewController.swift */ = {isa = PBXFileReference; lastKnownFileType = sourcecode.swift; path = ViewController.swift; sourceTree = "<group>"; };
		D30C0AFB2978E157008E0D0A /* Base */ = {isa = PBXFileReference; lastKnownFileType = file.storyboard; name = Base; path = Base.lproj/Main.storyboard; sourceTree = "<group>"; };
		D30C0AFE2978E157008E0D0A /* CollectionView_2.xcdatamodel */ = {isa = PBXFileReference; lastKnownFileType = wrapper.xcdatamodel; path = CollectionView_2.xcdatamodel; sourceTree = "<group>"; };
		D30C0B002978E158008E0D0A /* Assets.xcassets */ = {isa = PBXFileReference; lastKnownFileType = folder.assetcatalog; path = Assets.xcassets; sourceTree = "<group>"; };
		D30C0B032978E158008E0D0A /* Base */ = {isa = PBXFileReference; lastKnownFileType = file.storyboard; name = Base; path = Base.lproj/LaunchScreen.storyboard; sourceTree = "<group>"; };
		D30C0B052978E158008E0D0A /* Info.plist */ = {isa = PBXFileReference; lastKnownFileType = text.plist.xml; path = Info.plist; sourceTree = "<group>"; };
		D30C0B0B2978E229008E0D0A /* ItemCollectionViewCell.swift */ = {isa = PBXFileReference; lastKnownFileType = sourcecode.swift; path = ItemCollectionViewCell.swift; sourceTree = "<group>"; };
		D30C0B0C2978E229008E0D0A /* ItemCollectionViewCell.xib */ = {isa = PBXFileReference; lastKnownFileType = file.xib; path = ItemCollectionViewCell.xib; sourceTree = "<group>"; };
/* End PBXFileReference section */

/* Begin PBXFrameworksBuildPhase section */
		D30C0AEE2978E157008E0D0A /* Frameworks */ = {
			isa = PBXFrameworksBuildPhase;
			buildActionMask = 2147483647;
			files = (
			);
			runOnlyForDeploymentPostprocessing = 0;
		};
/* End PBXFrameworksBuildPhase section */

/* Begin PBXGroup section */
		D30C0AE82978E157008E0D0A = {
			isa = PBXGroup;
			children = (
				D30C0AF32978E157008E0D0A /* CollectionView 2 */,
				D30C0AF22978E157008E0D0A /* Products */,
			);
			sourceTree = "<group>";
		};
		D30C0AF22978E157008E0D0A /* Products */ = {
			isa = PBXGroup;
			children = (
				D30C0AF12978E157008E0D0A /* CollectionView 2.app */,
			);
			name = Products;
			sourceTree = "<group>";
		};
		D30C0AF32978E157008E0D0A /* CollectionView 2 */ = {
			isa = PBXGroup;
			children = (
				D30C0AF42978E157008E0D0A /* AppDelegate.swift */,
				D30C0AF62978E157008E0D0A /* SceneDelegate.swift */,
				D30C0AF82978E157008E0D0A /* ViewController.swift */,
				D30C0B0B2978E229008E0D0A /* ItemCollectionViewCell.swift */,
				D30C0B0C2978E229008E0D0A /* ItemCollectionViewCell.xib */,
				D30C0AFA2978E157008E0D0A /* Main.storyboard */,
				D30C0B002978E158008E0D0A /* Assets.xcassets */,
				D30C0B022978E158008E0D0A /* LaunchScreen.storyboard */,
				D30C0B052978E158008E0D0A /* Info.plist */,
				D30C0AFD2978E157008E0D0A /* CollectionView_2.xcdatamodeld */,
			);
			path = "CollectionView 2";
			sourceTree = "<group>";
		};
/* End PBXGroup section */

/* Begin PBXNativeTarget section */
		D30C0AF02978E157008E0D0A /* CollectionView 2 */ = {
			isa = PBXNativeTarget;
			buildConfigurationList = D30C0B082978E158008E0D0A /* Build configuration list for PBXNativeTarget "CollectionView 2" */;
			buildPhases = (
				D30C0AED2978E157008E0D0A /* Sources */,
				D30C0AEE2978E157008E0D0A /* Frameworks */,
				D30C0AEF2978E157008E0D0A /* Resources */,
			);
			buildRules = (
			);
			dependencies = (
			);
			name = "CollectionView 2";
			productName = "CollectionView 2";
			productReference = D30C0AF12978E157008E0D0A /* CollectionView 2.app */;
			productType = "com.apple.product-type.application";
		};
/* End PBXNativeTarget section */

/* Begin PBXProject section */
		D30C0AE92978E157008E0D0A /* Project object */ = {
			isa = PBXProject;
			attributes = {
				BuildIndependentTargetsInParallel = 1;
				LastSwiftUpdateCheck = 1410;
				LastUpgradeCheck = 1410;
				TargetAttributes = {
					D30C0AF02978E157008E0D0A = {
						CreatedOnToolsVersion = 14.1;
					};
				};
			};
			buildConfigurationList = D30C0AEC2978E157008E0D0A /* Build configuration list for PBXProject "CollectionView 2" */;
			compatibilityVersion = "Xcode 14.0";
			developmentRegion = en;
			hasScannedForEncodings = 0;
			knownRegions = (
				en,
				Base,
			);
			mainGroup = D30C0AE82978E157008E0D0A;
			productRefGroup = D30C0AF22978E157008E0D0A /* Products */;
			projectDirPath = "";
			projectRoot = "";
			targets = (
				D30C0AF02978E157008E0D0A /* CollectionView 2 */,
			);
		};
/* End PBXProject section */

/* Begin PBXResourcesBuildPhase section */
		D30C0AEF2978E157008E0D0A /* Resources */ = {
			isa = PBXResourcesBuildPhase;
			buildActionMask = 2147483647;
			files = (
				D30C0B042978E158008E0D0A /* LaunchScreen.storyboard in Resources */,
				D30C0B0E2978E229008E0D0A /* ItemCollectionViewCell.xib in Resources */,
				D30C0B012978E158008E0D0A /* Assets.xcassets in Resources */,
				D30C0AFC2978E157008E0D0A /* Main.storyboard in Resources */,
			);
			runOnlyForDeploymentPostprocessing = 0;
		};
/* End PBXResourcesBuildPhase section */

/* Begin PBXSourcesBuildPhase section */
		D30C0AED2978E157008E0D0A /* Sources */ = {
			isa = PBXSourcesBuildPhase;
			buildActionMask = 2147483647;
			files = (
				D30C0B0D2978E229008E0D0A /* ItemCollectionViewCell.swift in Sources */,
				D30C0AF92978E157008E0D0A /* ViewController.swift in Sources */,
				D30C0AFF2978E157008E0D0A /* CollectionView_2.xcdatamodeld in Sources */,
				D30C0AF52978E157008E0D0A /* AppDelegate.swift in Sources */,
				D30C0AF72978E157008E0D0A /* SceneDelegate.swift in Sources */,
			);
			runOnlyForDeploymentPostprocessing = 0;
		};
/* End PBXSourcesBuildPhase section */

/* Begin PBXVariantGroup section */
		D30C0AFA2978E157008E0D0A /* Main.storyboard */ = {
			isa = PBXVariantGroup;
			children = (
				D30C0AFB2978E157008E0D0A /* Base */,
			);
			name = Main.storyboard;
			sourceTree = "<group>";
		};
		D30C0B022978E158008E0D0A /* LaunchScreen.storyboard */ = {
			isa = PBXVariantGroup;
			children = (
				D30C0B032978E158008E0D0A /* Base */,
			);
			name = LaunchScreen.storyboard;
			sourceTree = "<group>";
		};
/* End PBXVariantGroup section */

/* Begin XCBuildConfiguration section */
		D30C0B062978E158008E0D0A /* Debug */ = {
			isa = XCBuildConfiguration;
			buildSettings = {
				ALWAYS_SEARCH_USER_PATHS = NO;
				CLANG_ANALYZER_NONNULL = YES;
				CLANG_ANALYZER_NUMBER_OBJECT_CONVERSION = YES_AGGRESSIVE;
				CLANG_CXX_LANGUAGE_STANDARD = "gnu++20";
				CLANG_ENABLE_MODULES = YES;
				CLANG_ENABLE_OBJC_ARC = YES;
				CLANG_ENABLE_OBJC_WEAK = YES;
				CLANG_WARN_BLOCK_CAPTURE_AUTORELEASING = YES;
				CLANG_WARN_BOOL_CONVERSION = YES;
				CLANG_WARN_COMMA = YES;
				CLANG_WARN_CONSTANT_CONVERSION = YES;
				CLANG_WARN_DEPRECATED_OBJC_IMPLEMENTATIONS = YES;
				CLANG_WARN_DIRECT_OBJC_ISA_USAGE = YES_ERROR;
				CLANG_WARN_DOCUMENTATION_COMMENTS = YES;
				CLANG_WARN_EMPTY_BODY = YES;
				CLANG_WARN_ENUM_CONVERSION = YES;
				CLANG_WARN_INFINITE_RECURSION = YES;
				CLANG_WARN_INT_CONVERSION = YES;
				CLANG_WARN_NON_LITERAL_NULL_CONVERSION = YES;
				CLANG_WARN_OBJC_IMPLICIT_RETAIN_SELF = YES;
				CLANG_WARN_OBJC_LITERAL_CONVERSION = YES;
				CLANG_WARN_OBJC_ROOT_CLASS = YES_ERROR;
				CLANG_WARN_QUOTED_INCLUDE_IN_FRAMEWORK_HEADER = YES;
				CLANG_WARN_RANGE_LOOP_ANALYSIS = YES;
				CLANG_WARN_STRICT_PROTOTYPES = YES;
				CLANG_WARN_SUSPICIOUS_MOVE = YES;
				CLANG_WARN_UNGUARDED_AVAILABILITY = YES_AGGRESSIVE;
				CLANG_WARN_UNREACHABLE_CODE = YES;
				CLANG_WARN__DUPLICATE_METHOD_MATCH = YES;
				COPY_PHASE_STRIP = NO;
				DEBUG_INFORMATION_FORMAT = dwarf;
				ENABLE_STRICT_OBJC_MSGSEND = YES;
				ENABLE_TESTABILITY = YES;
				GCC_C_LANGUAGE_STANDARD = gnu11;
				GCC_DYNAMIC_NO_PIC = NO;
				GCC_NO_COMMON_BLOCKS = YES;
				GCC_OPTIMIZATION_LEVEL = 0;
				GCC_PREPROCESSOR_DEFINITIONS = (
					"DEBUG=1",
					"$(inherited)",
				);
				GCC_WARN_64_TO_32_BIT_CONVERSION = YES;
				GCC_WARN_ABOUT_RETURN_TYPE = YES_ERROR;
				GCC_WARN_UNDECLARED_SELECTOR = YES;
				GCC_WARN_UNINITIALIZED_AUTOS = YES_AGGRESSIVE;
				GCC_WARN_UNUSED_FUNCTION = YES;
				GCC_WARN_UNUSED_VARIABLE = YES;
				IPHONEOS_DEPLOYMENT_TARGET = 16.1;
				MTL_ENABLE_DEBUG_INFO = INCLUDE_SOURCE;
				MTL_FAST_MATH = YES;
				ONLY_ACTIVE_ARCH = YES;
				SDKROOT = iphoneos;
				SWIFT_ACTIVE_COMPILATION_CONDITIONS = DEBUG;
				SWIFT_OPTIMIZATION_LEVEL = "-Onone";
			};
			name = Debug;
		};
		D30C0B072978E158008E0D0A /* Release */ = {
			isa = XCBuildConfiguration;
			buildSettings = {
				ALWAYS_SEARCH_USER_PATHS = NO;
				CLANG_ANALYZER_NONNULL = YES;
				CLANG_ANALYZER_NUMBER_OBJECT_CONVERSION = YES_AGGRESSIVE;
				CLANG_CXX_LANGUAGE_STANDARD = "gnu++20";
				CLANG_ENABLE_MODULES = YES;
				CLANG_ENABLE_OBJC_ARC = YES;
				CLANG_ENABLE_OBJC_WEAK = YES;
				CLANG_WARN_BLOCK_CAPTURE_AUTORELEASING = YES;
				CLANG_WARN_BOOL_CONVERSION = YES;
				CLANG_WARN_COMMA = YES;
				CLANG_WARN_CONSTANT_CONVERSION = YES;
				CLANG_WARN_DEPRECATED_OBJC_IMPLEMENTATIONS = YES;
				CLANG_WARN_DIRECT_OBJC_ISA_USAGE = YES_ERROR;
				CLANG_WARN_DOCUMENTATION_COMMENTS = YES;
				CLANG_WARN_EMPTY_BODY = YES;
				CLANG_WARN_ENUM_CONVERSION = YES;
				CLANG_WARN_INFINITE_RECURSION = YES;
				CLANG_WARN_INT_CONVERSION = YES;
				CLANG_WARN_NON_LITERAL_NULL_CONVERSION = YES;
				CLANG_WARN_OBJC_IMPLICIT_RETAIN_SELF = YES;
				CLANG_WARN_OBJC_LITERAL_CONVERSION = YES;
				CLANG_WARN_OBJC_ROOT_CLASS = YES_ERROR;
				CLANG_WARN_QUOTED_INCLUDE_IN_FRAMEWORK_HEADER = YES;
				CLANG_WARN_RANGE_LOOP_ANALYSIS = YES;
				CLANG_WARN_STRICT_PROTOTYPES = YES;
				CLANG_WARN_SUSPICIOUS_MOVE = YES;
				CLANG_WARN_UNGUARDED_AVAILABILITY = YES_AGGRESSIVE;
				CLANG_WARN_UNREACHABLE_CODE = YES;
				CLANG_WARN__DUPLICATE_METHOD_MATCH = YES;
				COPY_PHASE_STRIP = NO;
				DEBUG_INFORMATION_FORMAT = "dwarf-with-dsym";
				ENABLE_NS_ASSERTIONS = NO;
				ENABLE_STRICT_OBJC_MSGSEND = YES;
				GCC_C_LANGUAGE_STANDARD = gnu11;
				GCC_NO_COMMON_BLOCKS = YES;
				GCC_WARN_64_TO_32_BIT_CONVERSION = YES;
				GCC_WARN_ABOUT_RETURN_TYPE = YES_ERROR;
				GCC_WARN_UNDECLARED_SELECTOR = YES;
				GCC_WARN_UNINITIALIZED_AUTOS = YES_AGGRESSIVE;
				GCC_WARN_UNUSED_FUNCTION = YES;
				GCC_WARN_UNUSED_VARIABLE = YES;
				IPHONEOS_DEPLOYMENT_TARGET = 16.1;
				MTL_ENABLE_DEBUG_INFO = NO;
				MTL_FAST_MATH = YES;
				SDKROOT = iphoneos;
				SWIFT_COMPILATION_MODE = wholemodule;
				SWIFT_OPTIMIZATION_LEVEL = "-O";
				VALIDATE_PRODUCT = YES;
			};
			name = Release;
		};
		D30C0B092978E158008E0D0A /* Debug */ = {
			isa = XCBuildConfiguration;
			buildSettings = {
				ASSETCATALOG_COMPILER_APPICON_NAME = AppIcon;
				ASSETCATALOG_COMPILER_GLOBAL_ACCENT_COLOR_NAME = AccentColor;
				CODE_SIGN_STYLE = Automatic;
				CURRENT_PROJECT_VERSION = 1;
				GENERATE_INFOPLIST_FILE = YES;
				INFOPLIST_FILE = "CollectionView 2/Info.plist";
				INFOPLIST_KEY_UIApplicationSupportsIndirectInputEvents = YES;
				INFOPLIST_KEY_UILaunchStoryboardName = LaunchScreen;
				INFOPLIST_KEY_UIMainStoryboardFile = Main;
				INFOPLIST_KEY_UISupportedInterfaceOrientations_iPad = "UIInterfaceOrientationPortrait UIInterfaceOrientationPortraitUpsideDown UIInterfaceOrientationLandscapeLeft UIInterfaceOrientationLandscapeRight";
				INFOPLIST_KEY_UISupportedInterfaceOrientations_iPhone = "UIInterfaceOrientationPortrait UIInterfaceOrientationLandscapeLeft UIInterfaceOrientationLandscapeRight";
				LD_RUNPATH_SEARCH_PATHS = (
					"$(inherited)",
					"@executable_path/Frameworks",
				);
				MARKETING_VERSION = 1.0;
				PRODUCT_BUNDLE_IDENTIFIER = "com.CollectionView-2";
				PRODUCT_NAME = "$(TARGET_NAME)";
				SWIFT_EMIT_LOC_STRINGS = YES;
				SWIFT_VERSION = 5.0;
				TARGETED_DEVICE_FAMILY = "1,2";
			};
			name = Debug;
		};
		D30C0B0A2978E158008E0D0A /* Release */ = {
			isa = XCBuildConfiguration;
			buildSettings = {
				ASSETCATALOG_COMPILER_APPICON_NAME = AppIcon;
				ASSETCATALOG_COMPILER_GLOBAL_ACCENT_COLOR_NAME = AccentColor;
				CODE_SIGN_STYLE = Automatic;
				CURRENT_PROJECT_VERSION = 1;
				GENERATE_INFOPLIST_FILE = YES;
				INFOPLIST_FILE = "CollectionView 2/Info.plist";
				INFOPLIST_KEY_UIApplicationSupportsIndirectInputEvents = YES;
				INFOPLIST_KEY_UILaunchStoryboardName = LaunchScreen;
				INFOPLIST_KEY_UIMainStoryboardFile = Main;
				INFOPLIST_KEY_UISupportedInterfaceOrientations_iPad = "UIInterfaceOrientationPortrait UIInterfaceOrientationPortraitUpsideDown UIInterfaceOrientationLandscapeLeft UIInterfaceOrientationLandscapeRight";
				INFOPLIST_KEY_UISupportedInterfaceOrientations_iPhone = "UIInterfaceOrientationPortrait UIInterfaceOrientationLandscapeLeft UIInterfaceOrientationLandscapeRight";
				LD_RUNPATH_SEARCH_PATHS = (
					"$(inherited)",
					"@executable_path/Frameworks",
				);
				MARKETING_VERSION = 1.0;
				PRODUCT_BUNDLE_IDENTIFIER = "com.CollectionView-2";
				PRODUCT_NAME = "$(TARGET_NAME)";
				SWIFT_EMIT_LOC_STRINGS = YES;
				SWIFT_VERSION = 5.0;
				TARGETED_DEVICE_FAMILY = "1,2";
			};
			name = Release;
		};
/* End XCBuildConfiguration section */

/* Begin XCConfigurationList section */
		D30C0AEC2978E157008E0D0A /* Build configuration list for PBXProject "CollectionView 2" */ = {
			isa = XCConfigurationList;
			buildConfigurations = (
				D30C0B062978E158008E0D0A /* Debug */,
				D30C0B072978E158008E0D0A /* Release */,
			);
			defaultConfigurationIsVisible = 0;
			defaultConfigurationName = Release;
		};
		D30C0B082978E158008E0D0A /* Build configuration list for PBXNativeTarget "CollectionView 2" */ = {
			isa = XCConfigurationList;
			buildConfigurations = (
				D30C0B092978E158008E0D0A /* Debug */,
				D30C0B0A2978E158008E0D0A /* Release */,
			);
			defaultConfigurationIsVisible = 0;
			defaultConfigurationName = Release;
		};
/* End XCConfigurationList section */

/* Begin XCVersionGroup section */
		D30C0AFD2978E157008E0D0A /* CollectionView_2.xcdatamodeld */ = {
			isa = XCVersionGroup;
			children = (
				D30C0AFE2978E157008E0D0A /* CollectionView_2.xcdatamodel */,
			);
			currentVersion = D30C0AFE2978E157008E0D0A /* CollectionView_2.xcdatamodel */;
			path = CollectionView_2.xcdatamodeld;
			sourceTree = "<group>";
			versionGroupType = wrapper.xcdatamodel;
		};
/* End XCVersionGroup section */
	};
	rootObject = D30C0AE92978E157008E0D0A /* Project object */;
}
